// !$*UTF8*$!
{
	archiveVersion = 1;
	classes = {
	};
	objectVersion = 56;
	objects = {

/* Begin PBXBuildFile section */
		0248AC09B5EEA9E162746145 /* Pods_bearChat.framework in Frameworks */ = {isa = PBXBuildFile; fileRef = 014349851E8C110EADBCD1F9 /* Pods_bearChat.framework */; };
		FFEB5A2B2A56A7D800E8BDA6 /* bearChatApp.swift in Sources */ = {isa = PBXBuildFile; fileRef = FFEB5A2A2A56A7D800E8BDA6 /* bearChatApp.swift */; };
		FFEB5A2D2A56A7D800E8BDA6 /* ContentView.swift in Sources */ = {isa = PBXBuildFile; fileRef = FFEB5A2C2A56A7D800E8BDA6 /* ContentView.swift */; };
		FFEB5A2F2A56A7D900E8BDA6 /* Assets.xcassets in Resources */ = {isa = PBXBuildFile; fileRef = FFEB5A2E2A56A7D900E8BDA6 /* Assets.xcassets */; };
		FFEB5A322A56A7D900E8BDA6 /* Preview Assets.xcassets in Resources */ = {isa = PBXBuildFile; fileRef = FFEB5A312A56A7D900E8BDA6 /* Preview Assets.xcassets */; };
		FFEB5A392A56A8BC00E8BDA6 /* .swiftlint.yml in Resources */ = {isa = PBXBuildFile; fileRef = FFEB5A382A56A8BC00E8BDA6 /* .swiftlint.yml */; };
/* End PBXBuildFile section */

/* Begin PBXFileReference section */
		014349851E8C110EADBCD1F9 /* Pods_bearChat.framework */ = {isa = PBXFileReference; explicitFileType = wrapper.framework; includeInIndex = 0; path = Pods_bearChat.framework; sourceTree = BUILT_PRODUCTS_DIR; };
		3524EB1A55E3C4BEAA4322B2 /* Pods-bearChat.release.xcconfig */ = {isa = PBXFileReference; includeInIndex = 1; lastKnownFileType = text.xcconfig; name = "Pods-bearChat.release.xcconfig"; path = "Target Support Files/Pods-bearChat/Pods-bearChat.release.xcconfig"; sourceTree = "<group>"; };
		CDAC69017AD676920916C0AE /* Pods-bearChat.debug.xcconfig */ = {isa = PBXFileReference; includeInIndex = 1; lastKnownFileType = text.xcconfig; name = "Pods-bearChat.debug.xcconfig"; path = "Target Support Files/Pods-bearChat/Pods-bearChat.debug.xcconfig"; sourceTree = "<group>"; };
		FFEB5A272A56A7D800E8BDA6 /* bearChat.app */ = {isa = PBXFileReference; explicitFileType = wrapper.application; includeInIndex = 0; path = bearChat.app; sourceTree = BUILT_PRODUCTS_DIR; };
		FFEB5A2A2A56A7D800E8BDA6 /* bearChatApp.swift */ = {isa = PBXFileReference; lastKnownFileType = sourcecode.swift; path = bearChatApp.swift; sourceTree = "<group>"; };
		FFEB5A2C2A56A7D800E8BDA6 /* ContentView.swift */ = {isa = PBXFileReference; lastKnownFileType = sourcecode.swift; path = ContentView.swift; sourceTree = "<group>"; };
		FFEB5A2E2A56A7D900E8BDA6 /* Assets.xcassets */ = {isa = PBXFileReference; lastKnownFileType = folder.assetcatalog; path = Assets.xcassets; sourceTree = "<group>"; };
		FFEB5A312A56A7D900E8BDA6 /* Preview Assets.xcassets */ = {isa = PBXFileReference; lastKnownFileType = folder.assetcatalog; path = "Preview Assets.xcassets"; sourceTree = "<group>"; };
		FFEB5A382A56A8BC00E8BDA6 /* .swiftlint.yml */ = {isa = PBXFileReference; lastKnownFileType = text.yaml; path = .swiftlint.yml; sourceTree = "<group>"; };
/* End PBXFileReference section */

/* Begin PBXFrameworksBuildPhase section */
		FFEB5A242A56A7D800E8BDA6 /* Frameworks */ = {
			isa = PBXFrameworksBuildPhase;
			buildActionMask = 2147483647;
			files = (
				0248AC09B5EEA9E162746145 /* Pods_bearChat.framework in Frameworks */,
			);
			runOnlyForDeploymentPostprocessing = 0;
		};
/* End PBXFrameworksBuildPhase section */

/* Begin PBXGroup section */
		B3E6522FC86686486A6A5794 /* Pods */ = {
			isa = PBXGroup;
			children = (
				CDAC69017AD676920916C0AE /* Pods-bearChat.debug.xcconfig */,
				3524EB1A55E3C4BEAA4322B2 /* Pods-bearChat.release.xcconfig */,
			);
			path = Pods;
			sourceTree = "<group>";
		};
		E34133C850E3DAB7A87185B7 /* Frameworks */ = {
			isa = PBXGroup;
			children = (
				014349851E8C110EADBCD1F9 /* Pods_bearChat.framework */,
			);
			name = Frameworks;
			sourceTree = "<group>";
		};
		FFEB5A1E2A56A7D800E8BDA6 = {
			isa = PBXGroup;
			children = (
				FFEB5A382A56A8BC00E8BDA6 /* .swiftlint.yml */,
				FFEB5A292A56A7D800E8BDA6 /* bearChat */,
				FFEB5A282A56A7D800E8BDA6 /* Products */,
				B3E6522FC86686486A6A5794 /* Pods */,
				E34133C850E3DAB7A87185B7 /* Frameworks */,
			);
			sourceTree = "<group>";
		};
		FFEB5A282A56A7D800E8BDA6 /* Products */ = {
			isa = PBXGroup;
			children = (
				FFEB5A272A56A7D800E8BDA6 /* bearChat.app */,
			);
			name = Products;
			sourceTree = "<group>";
		};
		FFEB5A292A56A7D800E8BDA6 /* bearChat */ = {
			isa = PBXGroup;
			children = (
				FFEB5A2A2A56A7D800E8BDA6 /* bearChatApp.swift */,
				FFEB5A2C2A56A7D800E8BDA6 /* ContentView.swift */,
				FFEB5A2E2A56A7D900E8BDA6 /* Assets.xcassets */,
				FFEB5A302A56A7D900E8BDA6 /* Preview Content */,
			);
			path = bearChat;
			sourceTree = "<group>";
		};
		FFEB5A302A56A7D900E8BDA6 /* Preview Content */ = {
			isa = PBXGroup;
			children = (
				FFEB5A312A56A7D900E8BDA6 /* Preview Assets.xcassets */,
			);
			path = "Preview Content";
			sourceTree = "<group>";
		};
/* End PBXGroup section */

/* Begin PBXNativeTarget section */
		FFEB5A262A56A7D800E8BDA6 /* bearChat */ = {
			isa = PBXNativeTarget;
			buildConfigurationList = FFEB5A352A56A7D900E8BDA6 /* Build configuration list for PBXNativeTarget "bearChat" */;
			buildPhases = (
				6F42271884FC79582D4F6EE5 /* [CP] Check Pods Manifest.lock */,
				FFEB5A232A56A7D800E8BDA6 /* Sources */,
				FFEB5A3A2A56A8D000E8BDA6 /* SwiftLint Run */,
				FFEB5A242A56A7D800E8BDA6 /* Frameworks */,
				FFEB5A252A56A7D800E8BDA6 /* Resources */,
			);
			buildRules = (
			);
			dependencies = (
			);
			name = bearChat;
			productName = bearChat;
			productReference = FFEB5A272A56A7D800E8BDA6 /* bearChat.app */;
			productType = "com.apple.product-type.application";
		};
/* End PBXNativeTarget section */

/* Begin PBXProject section */
		FFEB5A1F2A56A7D800E8BDA6 /* Project object */ = {
			isa = PBXProject;
			attributes = {
				BuildIndependentTargetsInParallel = 1;
				LastSwiftUpdateCheck = 1430;
				LastUpgradeCheck = 1430;
				TargetAttributes = {
					FFEB5A262A56A7D800E8BDA6 = {
						CreatedOnToolsVersion = 14.3.1;
					};
				};
			};
			buildConfigurationList = FFEB5A222A56A7D800E8BDA6 /* Build configuration list for PBXProject "bearChat" */;
			compatibilityVersion = "Xcode 14.0";
			developmentRegion = en;
			hasScannedForEncodings = 0;
			knownRegions = (
				en,
				Base,
			);
			mainGroup = FFEB5A1E2A56A7D800E8BDA6;
			productRefGroup = FFEB5A282A56A7D800E8BDA6 /* Products */;
			projectDirPath = "";
			projectRoot = "";
			targets = (
				FFEB5A262A56A7D800E8BDA6 /* bearChat */,
			);
		};
/* End PBXProject section */

/* Begin PBXResourcesBuildPhase section */
		FFEB5A252A56A7D800E8BDA6 /* Resources */ = {
			isa = PBXResourcesBuildPhase;
			buildActionMask = 2147483647;
			files = (
				FFEB5A392A56A8BC00E8BDA6 /* .swiftlint.yml in Resources */,
				FFEB5A322A56A7D900E8BDA6 /* Preview Assets.xcassets in Resources */,
				FFEB5A2F2A56A7D900E8BDA6 /* Assets.xcassets in Resources */,
			);
			runOnlyForDeploymentPostprocessing = 0;
		};
/* End PBXResourcesBuildPhase section */

/* Begin PBXShellScriptBuildPhase section */
		6F42271884FC79582D4F6EE5 /* [CP] Check Pods Manifest.lock */ = {
			isa = PBXShellScriptBuildPhase;
			buildActionMask = 2147483647;
			files = (
			);
			inputFileListPaths = (
			);
			inputPaths = (
				"${PODS_PODFILE_DIR_PATH}/Podfile.lock",
				"${PODS_ROOT}/Manifest.lock",
			);
			name = "[CP] Check Pods Manifest.lock";
			outputFileListPaths = (
			);
			outputPaths = (
				"$(DERIVED_FILE_DIR)/Pods-bearChat-checkManifestLockResult.txt",
			);
			runOnlyForDeploymentPostprocessing = 0;
			shellPath = /bin/sh;
			shellScript = "diff \"${PODS_PODFILE_DIR_PATH}/Podfile.lock\" \"${PODS_ROOT}/Manifest.lock\" > /dev/null\nif [ $? != 0 ] ; then\n    # print error to STDERR\n    echo \"error: The sandbox is not in sync with the Podfile.lock. Run 'pod install' or update your CocoaPods installation.\" >&2\n    exit 1\nfi\n# This output is used by Xcode 'outputs' to avoid re-running this script phase.\necho \"SUCCESS\" > \"${SCRIPT_OUTPUT_FILE_0}\"\n";
			showEnvVarsInLog = 0;
		};
		FFEB5A3A2A56A8D000E8BDA6 /* SwiftLint Run */ = {
			isa = PBXShellScriptBuildPhase;
			buildActionMask = 2147483647;
			files = (
			);
			inputFileListPaths = (
			);
			inputPaths = (
			);
			name = "SwiftLint Run";
			outputFileListPaths = (
			);
			outputPaths = (
			);
			runOnlyForDeploymentPostprocessing = 0;
			shellPath = /bin/sh;
			shellScript = "\"${PODS_ROOT}/SwiftLint/swiftlint\"\n";
		};
/* End PBXShellScriptBuildPhase section */

/* Begin PBXSourcesBuildPhase section */
		FFEB5A232A56A7D800E8BDA6 /* Sources */ = {
			isa = PBXSourcesBuildPhase;
			buildActionMask = 2147483647;
			files = (
				FFEB5A2D2A56A7D800E8BDA6 /* ContentView.swift in Sources */,
				FFEB5A2B2A56A7D800E8BDA6 /* bearChatApp.swift in Sources */,
			);
			runOnlyForDeploymentPostprocessing = 0;
		};
/* End PBXSourcesBuildPhase section */

/* Begin XCBuildConfiguration section */
		FFEB5A332A56A7D900E8BDA6 /* Debug */ = {
			isa = XCBuildConfiguration;
			buildSettings = {
				ALWAYS_SEARCH_USER_PATHS = NO;
				CLANG_ANALYZER_NONNULL = YES;
				CLANG_ANALYZER_NUMBER_OBJECT_CONVERSION = YES_AGGRESSIVE;
				CLANG_CXX_LANGUAGE_STANDARD = "gnu++20";
				CLANG_ENABLE_MODULES = YES;
				CLANG_ENABLE_OBJC_ARC = YES;
				CLANG_ENABLE_OBJC_WEAK = YES;
				CLANG_WARN_BLOCK_CAPTURE_AUTORELEASING = YES;
				CLANG_WARN_BOOL_CONVERSION = YES;
				CLANG_WARN_COMMA = YES;
				CLANG_WARN_CONSTANT_CONVERSION = YES;
				CLANG_WARN_DEPRECATED_OBJC_IMPLEMENTATIONS = YES;
				CLANG_WARN_DIRECT_OBJC_ISA_USAGE = YES_ERROR;
				CLANG_WARN_DOCUMENTATION_COMMENTS = YES;
				CLANG_WARN_EMPTY_BODY = YES;
				CLANG_WARN_ENUM_CONVERSION = YES;
				CLANG_WARN_INFINITE_RECURSION = YES;
				CLANG_WARN_INT_CONVERSION = YES;
				CLANG_WARN_NON_LITERAL_NULL_CONVERSION = YES;
				CLANG_WARN_OBJC_IMPLICIT_RETAIN_SELF = YES;
				CLANG_WARN_OBJC_LITERAL_CONVERSION = YES;
				CLANG_WARN_OBJC_ROOT_CLASS = YES_ERROR;
				CLANG_WARN_QUOTED_INCLUDE_IN_FRAMEWORK_HEADER = YES;
				CLANG_WARN_RANGE_LOOP_ANALYSIS = YES;
				CLANG_WARN_STRICT_PROTOTYPES = YES;
				CLANG_WARN_SUSPICIOUS_MOVE = YES;
				CLANG_WARN_UNGUARDED_AVAILABILITY = YES_AGGRESSIVE;
				CLANG_WARN_UNREACHABLE_CODE = YES;
				CLANG_WARN__DUPLICATE_METHOD_MATCH = YES;
				COPY_PHASE_STRIP = NO;
				DEBUG_INFORMATION_FORMAT = dwarf;
				ENABLE_STRICT_OBJC_MSGSEND = YES;
				ENABLE_TESTABILITY = YES;
				GCC_C_LANGUAGE_STANDARD = gnu11;
				GCC_DYNAMIC_NO_PIC = NO;
				GCC_NO_COMMON_BLOCKS = YES;
				GCC_OPTIMIZATION_LEVEL = 0;
				GCC_PREPROCESSOR_DEFINITIONS = (
					"DEBUG=1",
					"$(inherited)",
				);
				GCC_WARN_64_TO_32_BIT_CONVERSION = YES;
				GCC_WARN_ABOUT_RETURN_TYPE = YES_ERROR;
				GCC_WARN_UNDECLARED_SELECTOR = YES;
				GCC_WARN_UNINITIALIZED_AUTOS = YES_AGGRESSIVE;
				GCC_WARN_UNUSED_FUNCTION = YES;
				GCC_WARN_UNUSED_VARIABLE = YES;
				IPHONEOS_DEPLOYMENT_TARGET = 16.4;
				MTL_ENABLE_DEBUG_INFO = INCLUDE_SOURCE;
				MTL_FAST_MATH = YES;
				ONLY_ACTIVE_ARCH = YES;
				SDKROOT = iphoneos;
				SWIFT_ACTIVE_COMPILATION_CONDITIONS = DEBUG;
				SWIFT_OPTIMIZATION_LEVEL = "-Onone";
			};
			name = Debug;
		};
		FFEB5A342A56A7D900E8BDA6 /* Release */ = {
			isa = XCBuildConfiguration;
			buildSettings = {
				ALWAYS_SEARCH_USER_PATHS = NO;
				CLANG_ANALYZER_NONNULL = YES;
				CLANG_ANALYZER_NUMBER_OBJECT_CONVERSION = YES_AGGRESSIVE;
				CLANG_CXX_LANGUAGE_STANDARD = "gnu++20";
				CLANG_ENABLE_MODULES = YES;
				CLANG_ENABLE_OBJC_ARC = YES;
				CLANG_ENABLE_OBJC_WEAK = YES;
				CLANG_WARN_BLOCK_CAPTURE_AUTORELEASING = YES;
				CLANG_WARN_BOOL_CONVERSION = YES;
				CLANG_WARN_COMMA = YES;
				CLANG_WARN_CONSTANT_CONVERSION = YES;
				CLANG_WARN_DEPRECATED_OBJC_IMPLEMENTATIONS = YES;
				CLANG_WARN_DIRECT_OBJC_ISA_USAGE = YES_ERROR;
				CLANG_WARN_DOCUMENTATION_COMMENTS = YES;
				CLANG_WARN_EMPTY_BODY = YES;
				CLANG_WARN_ENUM_CONVERSION = YES;
				CLANG_WARN_INFINITE_RECURSION = YES;
				CLANG_WARN_INT_CONVERSION = YES;
				CLANG_WARN_NON_LITERAL_NULL_CONVERSION = YES;
				CLANG_WARN_OBJC_IMPLICIT_RETAIN_SELF = YES;
				CLANG_WARN_OBJC_LITERAL_CONVERSION = YES;
				CLANG_WARN_OBJC_ROOT_CLASS = YES_ERROR;
				CLANG_WARN_QUOTED_INCLUDE_IN_FRAMEWORK_HEADER = YES;
				CLANG_WARN_RANGE_LOOP_ANALYSIS = YES;
				CLANG_WARN_STRICT_PROTOTYPES = YES;
				CLANG_WARN_SUSPICIOUS_MOVE = YES;
				CLANG_WARN_UNGUARDED_AVAILABILITY = YES_AGGRESSIVE;
				CLANG_WARN_UNREACHABLE_CODE = YES;
				CLANG_WARN__DUPLICATE_METHOD_MATCH = YES;
				COPY_PHASE_STRIP = NO;
				DEBUG_INFORMATION_FORMAT = "dwarf-with-dsym";
				ENABLE_NS_ASSERTIONS = NO;
				ENABLE_STRICT_OBJC_MSGSEND = YES;
				GCC_C_LANGUAGE_STANDARD = gnu11;
				GCC_NO_COMMON_BLOCKS = YES;
				GCC_WARN_64_TO_32_BIT_CONVERSION = YES;
				GCC_WARN_ABOUT_RETURN_TYPE = YES_ERROR;
				GCC_WARN_UNDECLARED_SELECTOR = YES;
				GCC_WARN_UNINITIALIZED_AUTOS = YES_AGGRESSIVE;
				GCC_WARN_UNUSED_FUNCTION = YES;
				GCC_WARN_UNUSED_VARIABLE = YES;
				IPHONEOS_DEPLOYMENT_TARGET = 16.4;
				MTL_ENABLE_DEBUG_INFO = NO;
				MTL_FAST_MATH = YES;
				SDKROOT = iphoneos;
				SWIFT_COMPILATION_MODE = wholemodule;
				SWIFT_OPTIMIZATION_LEVEL = "-O";
				VALIDATE_PRODUCT = YES;
			};
			name = Release;
		};
		FFEB5A362A56A7D900E8BDA6 /* Debug */ = {
			isa = XCBuildConfiguration;
			baseConfigurationReference = CDAC69017AD676920916C0AE /* Pods-bearChat.debug.xcconfig */;
			buildSettings = {
				ASSETCATALOG_COMPILER_APPICON_NAME = AppIcon;
				ASSETCATALOG_COMPILER_GLOBAL_ACCENT_COLOR_NAME = AccentColor;
				CODE_SIGN_STYLE = Automatic;
				CURRENT_PROJECT_VERSION = 1;
				DEVELOPMENT_ASSET_PATHS = "\"bearChat/Preview Content\"";
				ENABLE_PREVIEWS = YES;
				GENERATE_INFOPLIST_FILE = YES;
				INFOPLIST_KEY_UIApplicationSceneManifest_Generation = YES;
				INFOPLIST_KEY_UIApplicationSupportsIndirectInputEvents = YES;
				INFOPLIST_KEY_UILaunchScreen_Generation = YES;
				INFOPLIST_KEY_UISupportedInterfaceOrientations_iPad = "UIInterfaceOrientationPortrait UIInterfaceOrientationPortraitUpsideDown UIInterfaceOrientationLandscapeLeft UIInterfaceOrientationLandscapeRight";
				INFOPLIST_KEY_UISupportedInterfaceOrientations_iPhone = "UIInterfaceOrientationPortrait UIInterfaceOrientationLandscapeLeft UIInterfaceOrientationLandscapeRight";
				LD_RUNPATH_SEARCH_PATHS = (
					"$(inherited)",
					"@executable_path/Frameworks",
				);
				MARKETING_VERSION = 1.0;
				PRODUCT_BUNDLE_IDENTIFIER = uniuni.bearChat;
				PRODUCT_NAME = "$(TARGET_NAME)";
				SWIFT_EMIT_LOC_STRINGS = YES;
				SWIFT_VERSION = 5.0;
				TARGETED_DEVICE_FAMILY = "1,2";
			};
			name = Debug;
		};
		FFEB5A372A56A7D900E8BDA6 /* Release */ = {
			isa = XCBuildConfiguration;
			baseConfigurationReference = 3524EB1A55E3C4BEAA4322B2 /* Pods-bearChat.release.xcconfig */;
			buildSettings = {
				ASSETCATALOG_COMPILER_APPICON_NAME = AppIcon;
				ASSETCATALOG_COMPILER_GLOBAL_ACCENT_COLOR_NAME = AccentColor;
				CODE_SIGN_STYLE = Automatic;
				CURRENT_PROJECT_VERSION = 1;
				DEVELOPMENT_ASSET_PATHS = "\"bearChat/Preview Content\"";
				ENABLE_PREVIEWS = YES;
				GENERATE_INFOPLIST_FILE = YES;
				INFOPLIST_KEY_UIApplicationSceneManifest_Generation = YES;
				INFOPLIST_KEY_UIApplicationSupportsIndirectInputEvents = YES;
				INFOPLIST_KEY_UILaunchScreen_Generation = YES;
				INFOPLIST_KEY_UISupportedInterfaceOrientations_iPad = "UIInterfaceOrientationPortrait UIInterfaceOrientationPortraitUpsideDown UIInterfaceOrientationLandscapeLeft UIInterfaceOrientationLandscapeRight";
				INFOPLIST_KEY_UISupportedInterfaceOrientations_iPhone = "UIInterfaceOrientationPortrait UIInterfaceOrientationLandscapeLeft UIInterfaceOrientationLandscapeRight";
				LD_RUNPATH_SEARCH_PATHS = (
					"$(inherited)",
					"@executable_path/Frameworks",
				);
				MARKETING_VERSION = 1.0;
				PRODUCT_BUNDLE_IDENTIFIER = uniuni.bearChat;
				PRODUCT_NAME = "$(TARGET_NAME)";
				SWIFT_EMIT_LOC_STRINGS = YES;
				SWIFT_VERSION = 5.0;
				TARGETED_DEVICE_FAMILY = "1,2";
			};
			name = Release;
		};
/* End XCBuildConfiguration section */

/* Begin XCConfigurationList section */
		FFEB5A222A56A7D800E8BDA6 /* Build configuration list for PBXProject "bearChat" */ = {
			isa = XCConfigurationList;
			buildConfigurations = (
				FFEB5A332A56A7D900E8BDA6 /* Debug */,
				FFEB5A342A56A7D900E8BDA6 /* Release */,
			);
			defaultConfigurationIsVisible = 0;
			defaultConfigurationName = Release;
		};
		FFEB5A352A56A7D900E8BDA6 /* Build configuration list for PBXNativeTarget "bearChat" */ = {
			isa = XCConfigurationList;
			buildConfigurations = (
				FFEB5A362A56A7D900E8BDA6 /* Debug */,
				FFEB5A372A56A7D900E8BDA6 /* Release */,
			);
			defaultConfigurationIsVisible = 0;
			defaultConfigurationName = Release;
		};
/* End XCConfigurationList section */
	};
	rootObject = FFEB5A1F2A56A7D800E8BDA6 /* Project object */;
}
